// !$*UTF8*$!
{
	archiveVersion = 1;
	classes = {
	};
	objectVersion = 51;
	objects = {

/* Begin PBXBuildFile section */
		C735B39524DB89CD00334224 /* AppDelegate.swift in Sources */ = {isa = PBXBuildFile; fileRef = C735B39424DB89CD00334224 /* AppDelegate.swift */; };
		C735B39724DB89CD00334224 /* SceneDelegate.swift in Sources */ = {isa = PBXBuildFile; fileRef = C735B39624DB89CD00334224 /* SceneDelegate.swift */; };
		C735B39924DB89CD00334224 /* ViewController.swift in Sources */ = {isa = PBXBuildFile; fileRef = C735B39824DB89CD00334224 /* ViewController.swift */; };
		C735B39C24DB89CD00334224 /* Main.storyboard in Resources */ = {isa = PBXBuildFile; fileRef = C735B39A24DB89CD00334224 /* Main.storyboard */; };
		C735B39E24DB89CE00334224 /* Assets.xcassets in Resources */ = {isa = PBXBuildFile; fileRef = C735B39D24DB89CE00334224 /* Assets.xcassets */; };
		C735B3A124DB89CE00334224 /* LaunchScreen.storyboard in Resources */ = {isa = PBXBuildFile; fileRef = C735B39F24DB89CE00334224 /* LaunchScreen.storyboard */; };
		C73F7D5825465F4E00E19AF0 /* MultipleSectionModel.swift in Sources */ = {isa = PBXBuildFile; fileRef = C73F7D5725465F4E00E19AF0 /* MultipleSectionModel.swift */; };
		C73F7DBB2547A27C00E19AF0 /* MultiRowTableViewController.swift in Sources */ = {isa = PBXBuildFile; fileRef = C73F7DBA2547A27C00E19AF0 /* MultiRowTableViewController.swift */; };
		C73F7DC12547A33500E19AF0 /* MultipleRowModel.swift in Sources */ = {isa = PBXBuildFile; fileRef = C73F7DC02547A33500E19AF0 /* MultipleRowModel.swift */; };
		C73F7DC72547A42400E19AF0 /* MultipleRowDataViewModel.swift in Sources */ = {isa = PBXBuildFile; fileRef = C73F7DC62547A42400E19AF0 /* MultipleRowDataViewModel.swift */; };
		C7527087255284EB00C4FF11 /* ItemTableViewCell.swift in Sources */ = {isa = PBXBuildFile; fileRef = C7527086255284EB00C4FF11 /* ItemTableViewCell.swift */; };
		C752708B255293BD00C4FF11 /* Settings.swift in Sources */ = {isa = PBXBuildFile; fileRef = C752708A255293BD00C4FF11 /* Settings.swift */; };
		C752708E25529BAA00C4FF11 /* TableItem.swift in Sources */ = {isa = PBXBuildFile; fileRef = C752708D25529BAA00C4FF11 /* TableItem.swift */; };
		C752709125529C4000C4FF11 /* SavedItem.swift in Sources */ = {isa = PBXBuildFile; fileRef = C752709025529C4000C4FF11 /* SavedItem.swift */; };
		C75270C92553F30300C4FF11 /* DetailViewController.swift in Sources */ = {isa = PBXBuildFile; fileRef = C75270C82553F30300C4FF11 /* DetailViewController.swift */; };
		C75F056124E13D4500429F0F /* Extension.swift in Sources */ = {isa = PBXBuildFile; fileRef = C75F056024E13D4500429F0F /* Extension.swift */; };
		C77F392724EB592C00E41A54 /* MVVMViewController.swift in Sources */ = {isa = PBXBuildFile; fileRef = C77F392524EB592C00E41A54 /* MVVMViewController.swift */; };
		C77F392824EB592C00E41A54 /* MVVMViewController.xib in Resources */ = {isa = PBXBuildFile; fileRef = C77F392624EB592C00E41A54 /* MVVMViewController.xib */; };
		C77F392B24EB5E4200E41A54 /* MVVMViewModel.swift in Sources */ = {isa = PBXBuildFile; fileRef = C77F392A24EB5E4200E41A54 /* MVVMViewModel.swift */; };
		C77F392D24EB63EE00E41A54 /* MVVMModel.swift in Sources */ = {isa = PBXBuildFile; fileRef = C77F392C24EB63EE00E41A54 /* MVVMModel.swift */; };
		C77F393C24EBCCB700E41A54 /* AVFoundation.framework in Frameworks */ = {isa = PBXBuildFile; fileRef = C77F393B24EBCCB700E41A54 /* AVFoundation.framework */; };
		C796424A2542B09F00722B62 /* Enums.swift in Sources */ = {isa = PBXBuildFile; fileRef = C79642492542B09F00722B62 /* Enums.swift */; };
		C796424F2542B1DE00722B62 /* BaseViewController.swift in Sources */ = {isa = PBXBuildFile; fileRef = C796424E2542B1DE00722B62 /* BaseViewController.swift */; };
		C79642C82546592000722B62 /* TitleStepperTableViewCell.swift in Sources */ = {isa = PBXBuildFile; fileRef = C79642C52546592000722B62 /* TitleStepperTableViewCell.swift */; };
		C79642C92546592000722B62 /* TitleSwitchTableViewCell.swift in Sources */ = {isa = PBXBuildFile; fileRef = C79642C62546592000722B62 /* TitleSwitchTableViewCell.swift */; };
		C79642CA2546592000722B62 /* ImageTitleTableViewCell.swift in Sources */ = {isa = PBXBuildFile; fileRef = C79642C72546592000722B62 /* ImageTitleTableViewCell.swift */; };
		C7C2417F254163F7000A6213 /* MultipleSecDataViewModel.swift in Sources */ = {isa = PBXBuildFile; fileRef = C7C2417E254163F7000A6213 /* MultipleSecDataViewModel.swift */; };
		C7CD16832541617C009FED1E /* MultiSecTableViewController.swift in Sources */ = {isa = PBXBuildFile; fileRef = C7CD16812541617C009FED1E /* MultiSecTableViewController.swift */; };
		C7F6E5C22550DFA6007F8C42 /* APIReqResViewController.swift in Sources */ = {isa = PBXBuildFile; fileRef = C7F6E5C12550DFA6007F8C42 /* APIReqResViewController.swift */; };
		C7F6E5C82550E014007F8C42 /* ApiService.swift in Sources */ = {isa = PBXBuildFile; fileRef = C7F6E5C72550E014007F8C42 /* ApiService.swift */; };
		C7F6E5CE2550E0F4007F8C42 /* SearchItem.swift in Sources */ = {isa = PBXBuildFile; fileRef = C7F6E5CD2550E0F4007F8C42 /* SearchItem.swift */; };
		C7F6E5D22550EBAD007F8C42 /* SearchItemStore.swift in Sources */ = {isa = PBXBuildFile; fileRef = C7F6E5D12550EBAD007F8C42 /* SearchItemStore.swift */; };
		C7F6E5D62550F0E8007F8C42 /* SearchItemViewModel.swift in Sources */ = {isa = PBXBuildFile; fileRef = C7F6E5D52550F0E8007F8C42 /* SearchItemViewModel.swift */; };
		F9C0BAE1420AF47AFA9B6E86 /* Pods_iOSSwift.framework in Frameworks */ = {isa = PBXBuildFile; fileRef = D9D0F23B4AB5BAB399A15A24 /* Pods_iOSSwift.framework */; };
/* End PBXBuildFile section */

/* Begin PBXFileReference section */
		6EAD79D9A78D8E350AF512C9 /* Pods-iOSSwift.release.xcconfig */ = {isa = PBXFileReference; includeInIndex = 1; lastKnownFileType = text.xcconfig; name = "Pods-iOSSwift.release.xcconfig"; path = "Target Support Files/Pods-iOSSwift/Pods-iOSSwift.release.xcconfig"; sourceTree = "<group>"; };
		784D6840F5361889BB1F8F9A /* Pods-iOSSwift.debug.xcconfig */ = {isa = PBXFileReference; includeInIndex = 1; lastKnownFileType = text.xcconfig; name = "Pods-iOSSwift.debug.xcconfig"; path = "Target Support Files/Pods-iOSSwift/Pods-iOSSwift.debug.xcconfig"; sourceTree = "<group>"; };
		C735B39124DB89CD00334224 /* iOSSwift.app */ = {isa = PBXFileReference; explicitFileType = wrapper.application; includeInIndex = 0; path = iOSSwift.app; sourceTree = BUILT_PRODUCTS_DIR; };
		C735B39424DB89CD00334224 /* AppDelegate.swift */ = {isa = PBXFileReference; lastKnownFileType = sourcecode.swift; path = AppDelegate.swift; sourceTree = "<group>"; };
		C735B39624DB89CD00334224 /* SceneDelegate.swift */ = {isa = PBXFileReference; lastKnownFileType = sourcecode.swift; path = SceneDelegate.swift; sourceTree = "<group>"; };
		C735B39824DB89CD00334224 /* ViewController.swift */ = {isa = PBXFileReference; lastKnownFileType = sourcecode.swift; path = ViewController.swift; sourceTree = "<group>"; };
		C735B39B24DB89CD00334224 /* Base */ = {isa = PBXFileReference; lastKnownFileType = file.storyboard; name = Base; path = Base.lproj/Main.storyboard; sourceTree = "<group>"; };
		C735B39D24DB89CE00334224 /* Assets.xcassets */ = {isa = PBXFileReference; lastKnownFileType = folder.assetcatalog; path = Assets.xcassets; sourceTree = "<group>"; };
		C735B3A024DB89CE00334224 /* Base */ = {isa = PBXFileReference; lastKnownFileType = file.storyboard; name = Base; path = Base.lproj/LaunchScreen.storyboard; sourceTree = "<group>"; };
		C735B3A224DB89CE00334224 /* Info.plist */ = {isa = PBXFileReference; lastKnownFileType = text.plist.xml; path = Info.plist; sourceTree = "<group>"; };
		C73F7D5725465F4E00E19AF0 /* MultipleSectionModel.swift */ = {isa = PBXFileReference; lastKnownFileType = sourcecode.swift; path = MultipleSectionModel.swift; sourceTree = "<group>"; };
		C73F7DBA2547A27C00E19AF0 /* MultiRowTableViewController.swift */ = {isa = PBXFileReference; lastKnownFileType = sourcecode.swift; path = MultiRowTableViewController.swift; sourceTree = "<group>"; };
		C73F7DC02547A33500E19AF0 /* MultipleRowModel.swift */ = {isa = PBXFileReference; lastKnownFileType = sourcecode.swift; path = MultipleRowModel.swift; sourceTree = "<group>"; };
		C73F7DC62547A42400E19AF0 /* MultipleRowDataViewModel.swift */ = {isa = PBXFileReference; lastKnownFileType = sourcecode.swift; path = MultipleRowDataViewModel.swift; sourceTree = "<group>"; };
		C7527086255284EB00C4FF11 /* ItemTableViewCell.swift */ = {isa = PBXFileReference; lastKnownFileType = sourcecode.swift; path = ItemTableViewCell.swift; sourceTree = "<group>"; };
		C752708A255293BD00C4FF11 /* Settings.swift */ = {isa = PBXFileReference; lastKnownFileType = sourcecode.swift; path = Settings.swift; sourceTree = "<group>"; };
		C752708D25529BAA00C4FF11 /* TableItem.swift */ = {isa = PBXFileReference; lastKnownFileType = sourcecode.swift; path = TableItem.swift; sourceTree = "<group>"; };
		C752709025529C4000C4FF11 /* SavedItem.swift */ = {isa = PBXFileReference; lastKnownFileType = sourcecode.swift; path = SavedItem.swift; sourceTree = "<group>"; };
		C75270C82553F30300C4FF11 /* DetailViewController.swift */ = {isa = PBXFileReference; lastKnownFileType = sourcecode.swift; path = DetailViewController.swift; sourceTree = "<group>"; };
		C75F056024E13D4500429F0F /* Extension.swift */ = {isa = PBXFileReference; lastKnownFileType = sourcecode.swift; path = Extension.swift; sourceTree = "<group>"; };
		C77F392524EB592C00E41A54 /* MVVMViewController.swift */ = {isa = PBXFileReference; lastKnownFileType = sourcecode.swift; path = MVVMViewController.swift; sourceTree = "<group>"; };
		C77F392624EB592C00E41A54 /* MVVMViewController.xib */ = {isa = PBXFileReference; lastKnownFileType = file.xib; path = MVVMViewController.xib; sourceTree = "<group>"; };
		C77F392A24EB5E4200E41A54 /* MVVMViewModel.swift */ = {isa = PBXFileReference; lastKnownFileType = sourcecode.swift; path = MVVMViewModel.swift; sourceTree = "<group>"; };
		C77F392C24EB63EE00E41A54 /* MVVMModel.swift */ = {isa = PBXFileReference; lastKnownFileType = sourcecode.swift; path = MVVMModel.swift; sourceTree = "<group>"; };
		C77F393B24EBCCB700E41A54 /* AVFoundation.framework */ = {isa = PBXFileReference; lastKnownFileType = wrapper.framework; name = AVFoundation.framework; path = System/Library/Frameworks/AVFoundation.framework; sourceTree = SDKROOT; };
		C79642492542B09F00722B62 /* Enums.swift */ = {isa = PBXFileReference; lastKnownFileType = sourcecode.swift; path = Enums.swift; sourceTree = "<group>"; };
		C796424E2542B1DE00722B62 /* BaseViewController.swift */ = {isa = PBXFileReference; lastKnownFileType = sourcecode.swift; path = BaseViewController.swift; sourceTree = "<group>"; };
		C79642C52546592000722B62 /* TitleStepperTableViewCell.swift */ = {isa = PBXFileReference; fileEncoding = 4; lastKnownFileType = sourcecode.swift; path = TitleStepperTableViewCell.swift; sourceTree = "<group>"; };
		C79642C62546592000722B62 /* TitleSwitchTableViewCell.swift */ = {isa = PBXFileReference; fileEncoding = 4; lastKnownFileType = sourcecode.swift; path = TitleSwitchTableViewCell.swift; sourceTree = "<group>"; };
		C79642C72546592000722B62 /* ImageTitleTableViewCell.swift */ = {isa = PBXFileReference; fileEncoding = 4; lastKnownFileType = sourcecode.swift; path = ImageTitleTableViewCell.swift; sourceTree = "<group>"; };
		C7C2417E254163F7000A6213 /* MultipleSecDataViewModel.swift */ = {isa = PBXFileReference; lastKnownFileType = sourcecode.swift; path = MultipleSecDataViewModel.swift; sourceTree = "<group>"; };
		C7CD16812541617C009FED1E /* MultiSecTableViewController.swift */ = {isa = PBXFileReference; lastKnownFileType = sourcecode.swift; path = MultiSecTableViewController.swift; sourceTree = "<group>"; };
		C7F6E5C12550DFA6007F8C42 /* APIReqResViewController.swift */ = {isa = PBXFileReference; lastKnownFileType = sourcecode.swift; path = APIReqResViewController.swift; sourceTree = "<group>"; };
		C7F6E5C72550E014007F8C42 /* ApiService.swift */ = {isa = PBXFileReference; lastKnownFileType = sourcecode.swift; path = ApiService.swift; sourceTree = "<group>"; };
		C7F6E5CD2550E0F4007F8C42 /* SearchItem.swift */ = {isa = PBXFileReference; fileEncoding = 4; lastKnownFileType = sourcecode.swift; path = SearchItem.swift; sourceTree = "<group>"; };
		C7F6E5D12550EBAD007F8C42 /* SearchItemStore.swift */ = {isa = PBXFileReference; lastKnownFileType = sourcecode.swift; path = SearchItemStore.swift; sourceTree = "<group>"; };
		C7F6E5D52550F0E8007F8C42 /* SearchItemViewModel.swift */ = {isa = PBXFileReference; lastKnownFileType = sourcecode.swift; path = SearchItemViewModel.swift; sourceTree = "<group>"; };
		D9D0F23B4AB5BAB399A15A24 /* Pods_iOSSwift.framework */ = {isa = PBXFileReference; explicitFileType = wrapper.framework; includeInIndex = 0; path = Pods_iOSSwift.framework; sourceTree = BUILT_PRODUCTS_DIR; };
/* End PBXFileReference section */

/* Begin PBXFrameworksBuildPhase section */
		C735B38E24DB89CD00334224 /* Frameworks */ = {
			isa = PBXFrameworksBuildPhase;
			buildActionMask = 2147483647;
			files = (
				C77F393C24EBCCB700E41A54 /* AVFoundation.framework in Frameworks */,
				F9C0BAE1420AF47AFA9B6E86 /* Pods_iOSSwift.framework in Frameworks */,
			);
			runOnlyForDeploymentPostprocessing = 0;
		};
/* End PBXFrameworksBuildPhase section */

/* Begin PBXGroup section */
		B61FB3B0B568C05544F28326 /* Frameworks */ = {
			isa = PBXGroup;
			children = (
				C77F393B24EBCCB700E41A54 /* AVFoundation.framework */,
				D9D0F23B4AB5BAB399A15A24 /* Pods_iOSSwift.framework */,
			);
			name = Frameworks;
			sourceTree = "<group>";
		};
		C735B38824DB89CD00334224 = {
			isa = PBXGroup;
			children = (
				C735B39324DB89CD00334224 /* iOSSwift */,
				C735B39224DB89CD00334224 /* Products */,
				F6BDE3E2CD656E6255B87925 /* Pods */,
				B61FB3B0B568C05544F28326 /* Frameworks */,
			);
			sourceTree = "<group>";
		};
		C735B39224DB89CD00334224 /* Products */ = {
			isa = PBXGroup;
			children = (
				C735B39124DB89CD00334224 /* iOSSwift.app */,
			);
			name = Products;
			sourceTree = "<group>";
		};
		C735B39324DB89CD00334224 /* iOSSwift */ = {
			isa = PBXGroup;
			children = (
				C7F6E5C62550DFEE007F8C42 /* network */,
				C79642482542B09400722B62 /* utils */,
				C77F392924EB5DF700E41A54 /* mvvm */,
				C735B39424DB89CD00334224 /* AppDelegate.swift */,
				C735B39624DB89CD00334224 /* SceneDelegate.swift */,
				C735B39824DB89CD00334224 /* ViewController.swift */,
				C735B39A24DB89CD00334224 /* Main.storyboard */,
				C735B39D24DB89CE00334224 /* Assets.xcassets */,
				C735B39F24DB89CE00334224 /* LaunchScreen.storyboard */,
				C735B3A224DB89CE00334224 /* Info.plist */,
				C75F056024E13D4500429F0F /* Extension.swift */,
			);
			path = iOSSwift;
			sourceTree = "<group>";
		};
		C73F7D5C2546602200E19AF0 /* views */ = {
			isa = PBXGroup;
			children = (
				C79642C72546592000722B62 /* ImageTitleTableViewCell.swift */,
				C79642C52546592000722B62 /* TitleStepperTableViewCell.swift */,
				C79642C62546592000722B62 /* TitleSwitchTableViewCell.swift */,
			);
			path = views;
			sourceTree = "<group>";
		};
		C73F7D5D2546602900E19AF0 /* viewModel */ = {
			isa = PBXGroup;
			children = (
				C7C2417E254163F7000A6213 /* MultipleSecDataViewModel.swift */,
			);
			path = viewModel;
			sourceTree = "<group>";
		};
		C73F7D5E2546604000E19AF0 /* model */ = {
			isa = PBXGroup;
			children = (
				C73F7D5725465F4E00E19AF0 /* MultipleSectionModel.swift */,
			);
			path = model;
			sourceTree = "<group>";
		};
		C73F7DB92547A25400E19AF0 /* index2 */ = {
			isa = PBXGroup;
			children = (
				C73F7DBA2547A27C00E19AF0 /* MultiRowTableViewController.swift */,
				C73F7DBF2547A32500E19AF0 /* model */,
				C73F7DC42547A3EC00E19AF0 /* viewModel */,
			);
			path = index2;
			sourceTree = "<group>";
		};
		C73F7DBF2547A32500E19AF0 /* model */ = {
			isa = PBXGroup;
			children = (
				C73F7DC02547A33500E19AF0 /* MultipleRowModel.swift */,
			);
			path = model;
			sourceTree = "<group>";
		};
		C73F7DC42547A3EC00E19AF0 /* viewModel */ = {
			isa = PBXGroup;
			children = (
				C73F7DC62547A42400E19AF0 /* MultipleRowDataViewModel.swift */,
			);
			path = viewModel;
			sourceTree = "<group>";
		};
		C7527085255284C200C4FF11 /* views */ = {
			isa = PBXGroup;
			children = (
				C7527086255284EB00C4FF11 /* ItemTableViewCell.swift */,
			);
			path = views;
			sourceTree = "<group>";
		};
		C77F392924EB5DF700E41A54 /* mvvm */ = {
			isa = PBXGroup;
			children = (
				C796424E2542B1DE00722B62 /* BaseViewController.swift */,
				C7CD1686254161AB009FED1E /* index0 */,
				C7CD1687254161CE009FED1E /* index1 */,
				C73F7DB92547A25400E19AF0 /* index2 */,
				C7F6E5C02550DF4B007F8C42 /* index3 */,
			);
			path = mvvm;
			sourceTree = "<group>";
		};
		C79642482542B09400722B62 /* utils */ = {
			isa = PBXGroup;
			children = (
				C79642492542B09F00722B62 /* Enums.swift */,
				C752708A255293BD00C4FF11 /* Settings.swift */,
			);
			path = utils;
			sourceTree = "<group>";
		};
		C7CD1686254161AB009FED1E /* index0 */ = {
			isa = PBXGroup;
			children = (
				C77F392524EB592C00E41A54 /* MVVMViewController.swift */,
				C77F392624EB592C00E41A54 /* MVVMViewController.xib */,
				C77F392A24EB5E4200E41A54 /* MVVMViewModel.swift */,
				C77F392C24EB63EE00E41A54 /* MVVMModel.swift */,
			);
			path = index0;
			sourceTree = "<group>";
		};
		C7CD1687254161CE009FED1E /* index1 */ = {
			isa = PBXGroup;
			children = (
				C7CD16812541617C009FED1E /* MultiSecTableViewController.swift */,
				C73F7D5E2546604000E19AF0 /* model */,
				C73F7D5D2546602900E19AF0 /* viewModel */,
				C73F7D5C2546602200E19AF0 /* views */,
			);
			path = index1;
			sourceTree = "<group>";
		};
		C7F6E5C02550DF4B007F8C42 /* index3 */ = {
			isa = PBXGroup;
			children = (
				C7F6E5C12550DFA6007F8C42 /* APIReqResViewController.swift */,
				C75270C82553F30300C4FF11 /* DetailViewController.swift */,
				C7F6E5CC2550E0E9007F8C42 /* model */,
				C7F6E5C52550DFAF007F8C42 /* viewModel */,
				C7527085255284C200C4FF11 /* views */,
			);
			path = index3;
			sourceTree = "<group>";
		};
		C7F6E5C52550DFAF007F8C42 /* viewModel */ = {
			isa = PBXGroup;
			children = (
				C7F6E5D52550F0E8007F8C42 /* SearchItemViewModel.swift */,
			);
			path = viewModel;
			sourceTree = "<group>";
		};
		C7F6E5C62550DFEE007F8C42 /* network */ = {
			isa = PBXGroup;
			children = (
				C7F6E5C72550E014007F8C42 /* ApiService.swift */,
			);
			path = network;
			sourceTree = "<group>";
		};
		C7F6E5CC2550E0E9007F8C42 /* model */ = {
			isa = PBXGroup;
			children = (
				C7F6E5D12550EBAD007F8C42 /* SearchItemStore.swift */,
				C7F6E5CD2550E0F4007F8C42 /* SearchItem.swift */,
				C752708D25529BAA00C4FF11 /* TableItem.swift */,
				C752709025529C4000C4FF11 /* SavedItem.swift */,
			);
			path = model;
			sourceTree = "<group>";
		};
		F6BDE3E2CD656E6255B87925 /* Pods */ = {
			isa = PBXGroup;
			children = (
				784D6840F5361889BB1F8F9A /* Pods-iOSSwift.debug.xcconfig */,
				6EAD79D9A78D8E350AF512C9 /* Pods-iOSSwift.release.xcconfig */,
			);
			path = Pods;
			sourceTree = "<group>";
		};
/* End PBXGroup section */

/* Begin PBXNativeTarget section */
		C735B39024DB89CD00334224 /* iOSSwift */ = {
			isa = PBXNativeTarget;
			buildConfigurationList = C735B3A524DB89CE00334224 /* Build configuration list for PBXNativeTarget "iOSSwift" */;
			buildPhases = (
				A8E39D8EF9266C5EEE769BEA /* [CP] Check Pods Manifest.lock */,
				C735B38D24DB89CD00334224 /* Sources */,
				C735B38E24DB89CD00334224 /* Frameworks */,
				C735B38F24DB89CD00334224 /* Resources */,
				63461B662B7DCABC9245AC09 /* [CP] Embed Pods Frameworks */,
			);
			buildRules = (
			);
			dependencies = (
			);
			name = iOSSwift;
			productName = iOSSwift;
			productReference = C735B39124DB89CD00334224 /* iOSSwift.app */;
			productType = "com.apple.product-type.application";
		};
/* End PBXNativeTarget section */

/* Begin PBXProject section */
		C735B38924DB89CD00334224 /* Project object */ = {
			isa = PBXProject;
			attributes = {
				LastSwiftUpdateCheck = 1160;
				LastUpgradeCheck = 1160;
				ORGANIZATIONNAME = daddy73;
				TargetAttributes = {
					C735B39024DB89CD00334224 = {
						CreatedOnToolsVersion = 11.6;
					};
				};
			};
			buildConfigurationList = C735B38C24DB89CD00334224 /* Build configuration list for PBXProject "iOSSwift" */;
			compatibilityVersion = "Xcode 9.3";
			developmentRegion = en;
			hasScannedForEncodings = 0;
			knownRegions = (
				en,
				Base,
			);
			mainGroup = C735B38824DB89CD00334224;
			productRefGroup = C735B39224DB89CD00334224 /* Products */;
			projectDirPath = "";
			projectRoot = "";
			targets = (
				C735B39024DB89CD00334224 /* iOSSwift */,
			);
		};
/* End PBXProject section */

/* Begin PBXResourcesBuildPhase section */
		C735B38F24DB89CD00334224 /* Resources */ = {
			isa = PBXResourcesBuildPhase;
			buildActionMask = 2147483647;
			files = (
				C77F392824EB592C00E41A54 /* MVVMViewController.xib in Resources */,
				C735B3A124DB89CE00334224 /* LaunchScreen.storyboard in Resources */,
				C735B39E24DB89CE00334224 /* Assets.xcassets in Resources */,
				C735B39C24DB89CD00334224 /* Main.storyboard in Resources */,
			);
			runOnlyForDeploymentPostprocessing = 0;
		};
/* End PBXResourcesBuildPhase section */

/* Begin PBXShellScriptBuildPhase section */
		63461B662B7DCABC9245AC09 /* [CP] Embed Pods Frameworks */ = {
			isa = PBXShellScriptBuildPhase;
			buildActionMask = 2147483647;
			files = (
			);
			inputFileListPaths = (
				"${PODS_ROOT}/Target Support Files/Pods-iOSSwift/Pods-iOSSwift-frameworks-${CONFIGURATION}-input-files.xcfilelist",
			);
			name = "[CP] Embed Pods Frameworks";
			outputFileListPaths = (
				"${PODS_ROOT}/Target Support Files/Pods-iOSSwift/Pods-iOSSwift-frameworks-${CONFIGURATION}-output-files.xcfilelist",
			);
			runOnlyForDeploymentPostprocessing = 0;
			shellPath = /bin/sh;
			shellScript = "\"${PODS_ROOT}/Target Support Files/Pods-iOSSwift/Pods-iOSSwift-frameworks.sh\"\n";
			showEnvVarsInLog = 0;
		};
		A8E39D8EF9266C5EEE769BEA /* [CP] Check Pods Manifest.lock */ = {
			isa = PBXShellScriptBuildPhase;
			buildActionMask = 2147483647;
			files = (
			);
			inputFileListPaths = (
			);
			inputPaths = (
				"${PODS_PODFILE_DIR_PATH}/Podfile.lock",
				"${PODS_ROOT}/Manifest.lock",
			);
			name = "[CP] Check Pods Manifest.lock";
			outputFileListPaths = (
			);
			outputPaths = (
				"$(DERIVED_FILE_DIR)/Pods-iOSSwift-checkManifestLockResult.txt",
			);
			runOnlyForDeploymentPostprocessing = 0;
			shellPath = /bin/sh;
			shellScript = "diff \"${PODS_PODFILE_DIR_PATH}/Podfile.lock\" \"${PODS_ROOT}/Manifest.lock\" > /dev/null\nif [ $? != 0 ] ; then\n    # print error to STDERR\n    echo \"error: The sandbox is not in sync with the Podfile.lock. Run 'pod install' or update your CocoaPods installation.\" >&2\n    exit 1\nfi\n# This output is used by Xcode 'outputs' to avoid re-running this script phase.\necho \"SUCCESS\" > \"${SCRIPT_OUTPUT_FILE_0}\"\n";
			showEnvVarsInLog = 0;
		};
/* End PBXShellScriptBuildPhase section */

/* Begin PBXSourcesBuildPhase section */
		C735B38D24DB89CD00334224 /* Sources */ = {
			isa = PBXSourcesBuildPhase;
			buildActionMask = 2147483647;
			files = (
				C735B39924DB89CD00334224 /* ViewController.swift in Sources */,
				C752708E25529BAA00C4FF11 /* TableItem.swift in Sources */,
				C77F392D24EB63EE00E41A54 /* MVVMModel.swift in Sources */,
				C735B39524DB89CD00334224 /* AppDelegate.swift in Sources */,
				C7C2417F254163F7000A6213 /* MultipleSecDataViewModel.swift in Sources */,
				C7527087255284EB00C4FF11 /* ItemTableViewCell.swift in Sources */,
				C796424F2542B1DE00722B62 /* BaseViewController.swift in Sources */,
				C79642C92546592000722B62 /* TitleSwitchTableViewCell.swift in Sources */,
				C752709125529C4000C4FF11 /* SavedItem.swift in Sources */,
				C7F6E5C82550E014007F8C42 /* ApiService.swift in Sources */,
				C73F7DC12547A33500E19AF0 /* MultipleRowModel.swift in Sources */,
				C752708B255293BD00C4FF11 /* Settings.swift in Sources */,
				C73F7DC72547A42400E19AF0 /* MultipleRowDataViewModel.swift in Sources */,
				C77F392724EB592C00E41A54 /* MVVMViewController.swift in Sources */,
				C73F7DBB2547A27C00E19AF0 /* MultiRowTableViewController.swift in Sources */,
				C79642C82546592000722B62 /* TitleStepperTableViewCell.swift in Sources */,
				C7F6E5D22550EBAD007F8C42 /* SearchItemStore.swift in Sources */,
				C7F6E5CE2550E0F4007F8C42 /* SearchItem.swift in Sources */,
				C796424A2542B09F00722B62 /* Enums.swift in Sources */,
				C735B39724DB89CD00334224 /* SceneDelegate.swift in Sources */,
				C73F7D5825465F4E00E19AF0 /* MultipleSectionModel.swift in Sources */,
				C75F056124E13D4500429F0F /* Extension.swift in Sources */,
				C7CD16832541617C009FED1E /* MultiSecTableViewController.swift in Sources */,
				C7F6E5D62550F0E8007F8C42 /* SearchItemViewModel.swift in Sources */,
				C77F392B24EB5E4200E41A54 /* MVVMViewModel.swift in Sources */,
				C7F6E5C22550DFA6007F8C42 /* APIReqResViewController.swift in Sources */,
				C79642CA2546592000722B62 /* ImageTitleTableViewCell.swift in Sources */,
				C75270C92553F30300C4FF11 /* DetailViewController.swift in Sources */,
			);
			runOnlyForDeploymentPostprocessing = 0;
		};
/* End PBXSourcesBuildPhase section */

/* Begin PBXVariantGroup section */
		C735B39A24DB89CD00334224 /* Main.storyboard */ = {
			isa = PBXVariantGroup;
			children = (
				C735B39B24DB89CD00334224 /* Base */,
			);
			name = Main.storyboard;
			sourceTree = "<group>";
		};
		C735B39F24DB89CE00334224 /* LaunchScreen.storyboard */ = {
			isa = PBXVariantGroup;
			children = (
				C735B3A024DB89CE00334224 /* Base */,
			);
			name = LaunchScreen.storyboard;
			sourceTree = "<group>";
		};
/* End PBXVariantGroup section */

/* Begin XCBuildConfiguration section */
		C735B3A324DB89CE00334224 /* Debug */ = {
			isa = XCBuildConfiguration;
			buildSettings = {
				ALWAYS_SEARCH_USER_PATHS = NO;
				CLANG_ANALYZER_NONNULL = YES;
				CLANG_ANALYZER_NUMBER_OBJECT_CONVERSION = YES_AGGRESSIVE;
				CLANG_CXX_LANGUAGE_STANDARD = "gnu++14";
				CLANG_CXX_LIBRARY = "libc++";
				CLANG_ENABLE_MODULES = YES;
				CLANG_ENABLE_OBJC_ARC = YES;
				CLANG_ENABLE_OBJC_WEAK = YES;
				CLANG_WARN_BLOCK_CAPTURE_AUTORELEASING = YES;
				CLANG_WARN_BOOL_CONVERSION = YES;
				CLANG_WARN_COMMA = YES;
				CLANG_WARN_CONSTANT_CONVERSION = YES;
				CLANG_WARN_DEPRECATED_OBJC_IMPLEMENTATIONS = YES;
				CLANG_WARN_DIRECT_OBJC_ISA_USAGE = YES_ERROR;
				CLANG_WARN_DOCUMENTATION_COMMENTS = YES;
				CLANG_WARN_EMPTY_BODY = YES;
				CLANG_WARN_ENUM_CONVERSION = YES;
				CLANG_WARN_INFINITE_RECURSION = YES;
				CLANG_WARN_INT_CONVERSION = YES;
				CLANG_WARN_NON_LITERAL_NULL_CONVERSION = YES;
				CLANG_WARN_OBJC_IMPLICIT_RETAIN_SELF = YES;
				CLANG_WARN_OBJC_LITERAL_CONVERSION = YES;
				CLANG_WARN_OBJC_ROOT_CLASS = YES_ERROR;
				CLANG_WARN_RANGE_LOOP_ANALYSIS = YES;
				CLANG_WARN_STRICT_PROTOTYPES = YES;
				CLANG_WARN_SUSPICIOUS_MOVE = YES;
				CLANG_WARN_UNGUARDED_AVAILABILITY = YES_AGGRESSIVE;
				CLANG_WARN_UNREACHABLE_CODE = YES;
				CLANG_WARN__DUPLICATE_METHOD_MATCH = YES;
				COPY_PHASE_STRIP = NO;
				DEBUG_INFORMATION_FORMAT = dwarf;
				ENABLE_STRICT_OBJC_MSGSEND = YES;
				ENABLE_TESTABILITY = YES;
				GCC_C_LANGUAGE_STANDARD = gnu11;
				GCC_DYNAMIC_NO_PIC = NO;
				GCC_NO_COMMON_BLOCKS = YES;
				GCC_OPTIMIZATION_LEVEL = 0;
				GCC_PREPROCESSOR_DEFINITIONS = (
					"DEBUG=1",
					"$(inherited)",
				);
				GCC_WARN_64_TO_32_BIT_CONVERSION = YES;
				GCC_WARN_ABOUT_RETURN_TYPE = YES_ERROR;
				GCC_WARN_UNDECLARED_SELECTOR = YES;
				GCC_WARN_UNINITIALIZED_AUTOS = YES_AGGRESSIVE;
				GCC_WARN_UNUSED_FUNCTION = YES;
				GCC_WARN_UNUSED_VARIABLE = YES;
				IPHONEOS_DEPLOYMENT_TARGET = 13.6;
				MTL_ENABLE_DEBUG_INFO = INCLUDE_SOURCE;
				MTL_FAST_MATH = YES;
				ONLY_ACTIVE_ARCH = YES;
				SDKROOT = iphoneos;
				SWIFT_ACTIVE_COMPILATION_CONDITIONS = DEBUG;
				SWIFT_OPTIMIZATION_LEVEL = "-Onone";
			};
			name = Debug;
		};
		C735B3A424DB89CE00334224 /* Release */ = {
			isa = XCBuildConfiguration;
			buildSettings = {
				ALWAYS_SEARCH_USER_PATHS = NO;
				CLANG_ANALYZER_NONNULL = YES;
				CLANG_ANALYZER_NUMBER_OBJECT_CONVERSION = YES_AGGRESSIVE;
				CLANG_CXX_LANGUAGE_STANDARD = "gnu++14";
				CLANG_CXX_LIBRARY = "libc++";
				CLANG_ENABLE_MODULES = YES;
				CLANG_ENABLE_OBJC_ARC = YES;
				CLANG_ENABLE_OBJC_WEAK = YES;
				CLANG_WARN_BLOCK_CAPTURE_AUTORELEASING = YES;
				CLANG_WARN_BOOL_CONVERSION = YES;
				CLANG_WARN_COMMA = YES;
				CLANG_WARN_CONSTANT_CONVERSION = YES;
				CLANG_WARN_DEPRECATED_OBJC_IMPLEMENTATIONS = YES;
				CLANG_WARN_DIRECT_OBJC_ISA_USAGE = YES_ERROR;
				CLANG_WARN_DOCUMENTATION_COMMENTS = YES;
				CLANG_WARN_EMPTY_BODY = YES;
				CLANG_WARN_ENUM_CONVERSION = YES;
				CLANG_WARN_INFINITE_RECURSION = YES;
				CLANG_WARN_INT_CONVERSION = YES;
				CLANG_WARN_NON_LITERAL_NULL_CONVERSION = YES;
				CLANG_WARN_OBJC_IMPLICIT_RETAIN_SELF = YES;
				CLANG_WARN_OBJC_LITERAL_CONVERSION = YES;
				CLANG_WARN_OBJC_ROOT_CLASS = YES_ERROR;
				CLANG_WARN_RANGE_LOOP_ANALYSIS = YES;
				CLANG_WARN_STRICT_PROTOTYPES = YES;
				CLANG_WARN_SUSPICIOUS_MOVE = YES;
				CLANG_WARN_UNGUARDED_AVAILABILITY = YES_AGGRESSIVE;
				CLANG_WARN_UNREACHABLE_CODE = YES;
				CLANG_WARN__DUPLICATE_METHOD_MATCH = YES;
				COPY_PHASE_STRIP = NO;
				DEBUG_INFORMATION_FORMAT = "dwarf-with-dsym";
				ENABLE_NS_ASSERTIONS = NO;
				ENABLE_STRICT_OBJC_MSGSEND = YES;
				GCC_C_LANGUAGE_STANDARD = gnu11;
				GCC_NO_COMMON_BLOCKS = YES;
				GCC_WARN_64_TO_32_BIT_CONVERSION = YES;
				GCC_WARN_ABOUT_RETURN_TYPE = YES_ERROR;
				GCC_WARN_UNDECLARED_SELECTOR = YES;
				GCC_WARN_UNINITIALIZED_AUTOS = YES_AGGRESSIVE;
				GCC_WARN_UNUSED_FUNCTION = YES;
				GCC_WARN_UNUSED_VARIABLE = YES;
				IPHONEOS_DEPLOYMENT_TARGET = 13.6;
				MTL_ENABLE_DEBUG_INFO = NO;
				MTL_FAST_MATH = YES;
				SDKROOT = iphoneos;
				SWIFT_COMPILATION_MODE = wholemodule;
				SWIFT_OPTIMIZATION_LEVEL = "-O";
				VALIDATE_PRODUCT = YES;
			};
			name = Release;
		};
		C735B3A624DB89CE00334224 /* Debug */ = {
			isa = XCBuildConfiguration;
			baseConfigurationReference = 784D6840F5361889BB1F8F9A /* Pods-iOSSwift.debug.xcconfig */;
			buildSettings = {
				ASSETCATALOG_COMPILER_APPICON_NAME = AppIcon;
				CODE_SIGN_STYLE = Automatic;
				DEVELOPMENT_TEAM = C2DUQ25QQQ;
				INFOPLIST_FILE = iOSSwift/Info.plist;
				IPHONEOS_DEPLOYMENT_TARGET = 13.0;
				LD_RUNPATH_SEARCH_PATHS = (
					"$(inherited)",
					"@executable_path/Frameworks",
				);
				PRODUCT_BUNDLE_IDENTIFIER = com.daddy73.iOSSwift;
				PRODUCT_NAME = "$(TARGET_NAME)";
				SWIFT_VERSION = 5.0;
				TARGETED_DEVICE_FAMILY = "1,2";
			};
			name = Debug;
		};
		C735B3A724DB89CE00334224 /* Release */ = {
			isa = XCBuildConfiguration;
			baseConfigurationReference = 6EAD79D9A78D8E350AF512C9 /* Pods-iOSSwift.release.xcconfig */;
			buildSettings = {
				ASSETCATALOG_COMPILER_APPICON_NAME = AppIcon;
				CODE_SIGN_STYLE = Automatic;
				DEVELOPMENT_TEAM = C2DUQ25QQQ;
				INFOPLIST_FILE = iOSSwift/Info.plist;
				IPHONEOS_DEPLOYMENT_TARGET = 13.0;
				LD_RUNPATH_SEARCH_PATHS = (
					"$(inherited)",
					"@executable_path/Frameworks",
				);
				PRODUCT_BUNDLE_IDENTIFIER = com.daddy73.iOSSwift;
				PRODUCT_NAME = "$(TARGET_NAME)";
				SWIFT_VERSION = 5.0;
				TARGETED_DEVICE_FAMILY = "1,2";
			};
			name = Release;
		};
/* End XCBuildConfiguration section */

/* Begin XCConfigurationList section */
		C735B38C24DB89CD00334224 /* Build configuration list for PBXProject "iOSSwift" */ = {
			isa = XCConfigurationList;
			buildConfigurations = (
				C735B3A324DB89CE00334224 /* Debug */,
				C735B3A424DB89CE00334224 /* Release */,
			);
			defaultConfigurationIsVisible = 0;
			defaultConfigurationName = Release;
		};
		C735B3A524DB89CE00334224 /* Build configuration list for PBXNativeTarget "iOSSwift" */ = {
			isa = XCConfigurationList;
			buildConfigurations = (
				C735B3A624DB89CE00334224 /* Debug */,
				C735B3A724DB89CE00334224 /* Release */,
			);
			defaultConfigurationIsVisible = 0;
			defaultConfigurationName = Release;
		};
/* End XCConfigurationList section */
	};
	rootObject = C735B38924DB89CD00334224 /* Project object */;
}
